{
  "name": "toolmetry",
  "version": "1.0.3",
  "lockfileVersion": 3,
  "requires": true,
  "packages": {
    "": {
      "name": "toolmetry",
      "version": "1.0.3",
      "license": "MIT",
      "engines": {
        "node": ">=16.0.0"
      },
      "funding": {
        "type": "github",
        "url": "https://github.com/toolmetryai"
      }
    }
  }
}
